
Microsoft Visual Studio Solution File, Format Version 12.00
# Visual Studio Version 16
VisualStudioVersion = 16.0.28917.181
MinimumVisualStudioVersion = 10.0.40219.1
Project("{FAE04EC0-301F-11D3-BF4B-00C04F79EFBC}") = "BrainFxykInterpreter", "BrainFxykInterpreter\BrainFxykInterpreter.csproj", "{424A698C-A3F5-40C9-A724-998811D96DC0}"
EndProject
Global
	GlobalSection(SolutionConfigurationPlatforms) = preSolution
		Debug|Any CPU = Debug|Any CPU
		Release|Any CPU = Release|Any CPU
	EndGlobalSection
	GlobalSection(ProjectConfigurationPlatforms) = postSolution
		{424A698C-A3F5-40C9-A724-998811D96DC0}.Debug|Any CPU.ActiveCfg = Debug|Any CPU
		{424A698C-A3F5-40C9-A724-998811D96DC0}.Debug|Any CPU.Build.0 = Debug|Any CPU
		{424A698C-A3F5-40C9-A724-998811D96DC0}.Release|Any CPU.ActiveCfg = Release|Any CPU
		{424A698C-A3F5-40C9-A724-998811D96DC0}.Release|Any CPU.Build.0 = Release|Any CPU
	EndGlobalSection
	GlobalSection(SolutionProperties) = preSolution
		HideSolutionNode = FALSE
	EndGlobalSection
	GlobalSection(ExtensibilityGlobals) = postSolution
		SolutionGuid = {23D1370E-8F39-47CC-84E3-47F2E5C98DD3}
	EndGlobalSection
EndGlobal
